
Microsoft Visual Studio Solution File, Format Version 12.00
# Visual Studio Version 17
VisualStudioVersion = 17.0.31903.59
MinimumVisualStudioVersion = 10.0.40219.1
Project("{2150E333-8FDC-42A3-9474-1A3956D46DE8}") = "src", "src", "{EDB21B3B-0D63-4FDD-9255-7AA45592D588}"
EndProject
Project("{FAE04EC0-301F-11D3-BF4B-00C04F79EFBC}") = "FastCLI.Application", "src\FastCLI.Application\FastCLI.Application.csproj", "{7CEBD42E-74BC-4C42-B648-6F6CA5003AA3}"
EndProject
Project("{FAE04EC0-301F-11D3-BF4B-00C04F79EFBC}") = "FastCLI.CLI", "src\FastCLI.CLI\FastCLI.CLI.csproj", "{6CCDD05D-0054-4F97-99CE-CE2907122630}"
EndProject
Project("{FAE04EC0-301F-11D3-BF4B-00C04F79EFBC}") = "FastCLI.Core", "src\FastCLI.Core\FastCLI.Core.csproj", "{EA2C1046-59CA-4979-92F2-DBA2A759B928}"
EndProject
Global
	GlobalSection(SolutionConfigurationPlatforms) = preSolution
		Debug|Any CPU = Debug|Any CPU
		Release|Any CPU = Release|Any CPU
	EndGlobalSection
	GlobalSection(SolutionProperties) = preSolution
		HideSolutionNode = FALSE
	EndGlobalSection
	GlobalSection(ProjectConfigurationPlatforms) = postSolution
		{7CEBD42E-74BC-4C42-B648-6F6CA5003AA3}.Debug|Any CPU.ActiveCfg = Debug|Any CPU
		{7CEBD42E-74BC-4C42-B648-6F6CA5003AA3}.Debug|Any CPU.Build.0 = Debug|Any CPU
		{7CEBD42E-74BC-4C42-B648-6F6CA5003AA3}.Release|Any CPU.ActiveCfg = Release|Any CPU
		{7CEBD42E-74BC-4C42-B648-6F6CA5003AA3}.Release|Any CPU.Build.0 = Release|Any CPU
		{6CCDD05D-0054-4F97-99CE-CE2907122630}.Debug|Any CPU.ActiveCfg = Debug|Any CPU
		{6CCDD05D-0054-4F97-99CE-CE2907122630}.Debug|Any CPU.Build.0 = Debug|Any CPU
		{6CCDD05D-0054-4F97-99CE-CE2907122630}.Release|Any CPU.ActiveCfg = Release|Any CPU
		{6CCDD05D-0054-4F97-99CE-CE2907122630}.Release|Any CPU.Build.0 = Release|Any CPU
		{EA2C1046-59CA-4979-92F2-DBA2A759B928}.Debug|Any CPU.ActiveCfg = Debug|Any CPU
		{EA2C1046-59CA-4979-92F2-DBA2A759B928}.Debug|Any CPU.Build.0 = Debug|Any CPU
		{EA2C1046-59CA-4979-92F2-DBA2A759B928}.Release|Any CPU.ActiveCfg = Release|Any CPU
		{EA2C1046-59CA-4979-92F2-DBA2A759B928}.Release|Any CPU.Build.0 = Release|Any CPU
	EndGlobalSection
	GlobalSection(NestedProjects) = preSolution
		{7CEBD42E-74BC-4C42-B648-6F6CA5003AA3} = {EDB21B3B-0D63-4FDD-9255-7AA45592D588}
		{6CCDD05D-0054-4F97-99CE-CE2907122630} = {EDB21B3B-0D63-4FDD-9255-7AA45592D588}
		{EA2C1046-59CA-4979-92F2-DBA2A759B928} = {EDB21B3B-0D63-4FDD-9255-7AA45592D588}
	EndGlobalSection
EndGlobal
