
Microsoft Visual Studio Solution File, Format Version 12.00
# Visual Studio Version 17
VisualStudioVersion = 17.0.31903.59
MinimumVisualStudioVersion = 10.0.40219.1
Project("{2150E333-8FDC-42A3-9474-1A3956D46DE8}") = "src", "src", "{EC296BF0-64CA-404C-A7FF-42D369C33EB1}"
EndProject
Project("{FAE04EC0-301F-11D3-BF4B-00C04F79EFBC}") = "Kaze.Application", "src\Kaze.Application\Kaze.Application.csproj", "{8F75987B-DA1D-4C65-B960-B40E66F8C711}"
EndProject
Project("{FAE04EC0-301F-11D3-BF4B-00C04F79EFBC}") = "Kaze.CLI", "src\Kaze.CLI\Kaze.CLI.csproj", "{A46631F7-AC84-4CD0-820B-4CE78976F311}"
EndProject
Project("{FAE04EC0-301F-11D3-BF4B-00C04F79EFBC}") = "Kaze.Core", "src\Kaze.Core\Kaze.Core.csproj", "{3BC7BFEE-68FD-4397-A6E7-3CE33EEBEDBC}"
EndProject
Global
	GlobalSection(SolutionConfigurationPlatforms) = preSolution
		Debug|Any CPU = Debug|Any CPU
		Release|Any CPU = Release|Any CPU
	EndGlobalSection
	GlobalSection(SolutionProperties) = preSolution
		HideSolutionNode = FALSE
	EndGlobalSection
	GlobalSection(ProjectConfigurationPlatforms) = postSolution
		{8F75987B-DA1D-4C65-B960-B40E66F8C711}.Debug|Any CPU.ActiveCfg = Debug|Any CPU
		{8F75987B-DA1D-4C65-B960-B40E66F8C711}.Debug|Any CPU.Build.0 = Debug|Any CPU
		{8F75987B-DA1D-4C65-B960-B40E66F8C711}.Release|Any CPU.ActiveCfg = Release|Any CPU
		{8F75987B-DA1D-4C65-B960-B40E66F8C711}.Release|Any CPU.Build.0 = Release|Any CPU
		{A46631F7-AC84-4CD0-820B-4CE78976F311}.Debug|Any CPU.ActiveCfg = Debug|Any CPU
		{A46631F7-AC84-4CD0-820B-4CE78976F311}.Debug|Any CPU.Build.0 = Debug|Any CPU
		{A46631F7-AC84-4CD0-820B-4CE78976F311}.Release|Any CPU.ActiveCfg = Release|Any CPU
		{A46631F7-AC84-4CD0-820B-4CE78976F311}.Release|Any CPU.Build.0 = Release|Any CPU
		{3BC7BFEE-68FD-4397-A6E7-3CE33EEBEDBC}.Debug|Any CPU.ActiveCfg = Debug|Any CPU
		{3BC7BFEE-68FD-4397-A6E7-3CE33EEBEDBC}.Debug|Any CPU.Build.0 = Debug|Any CPU
		{3BC7BFEE-68FD-4397-A6E7-3CE33EEBEDBC}.Release|Any CPU.ActiveCfg = Release|Any CPU
		{3BC7BFEE-68FD-4397-A6E7-3CE33EEBEDBC}.Release|Any CPU.Build.0 = Release|Any CPU
	EndGlobalSection
	GlobalSection(NestedProjects) = preSolution
		{8F75987B-DA1D-4C65-B960-B40E66F8C711} = {EC296BF0-64CA-404C-A7FF-42D369C33EB1}
		{A46631F7-AC84-4CD0-820B-4CE78976F311} = {EC296BF0-64CA-404C-A7FF-42D369C33EB1}
		{3BC7BFEE-68FD-4397-A6E7-3CE33EEBEDBC} = {EC296BF0-64CA-404C-A7FF-42D369C33EB1}
	EndGlobalSection
EndGlobal
